
Microsoft Visual Studio Solution File, Format Version 12.00
# Visual Studio Version 17
VisualStudioVersion = 17.5.33530.505
MinimumVisualStudioVersion = 10.0.40219.1
Project("{FAE04EC0-301F-11D3-BF4B-00C04F79EFBC}") = "Basics", "Basics.csproj", "{86103B1C-736D-447C-B107-58586B72F42B}"
EndProject
Global
	GlobalSection(SolutionConfigurationPlatforms) = preSolution
		Debug|Any CPU = Debug|Any CPU
		Release|Any CPU = Release|Any CPU
	EndGlobalSection
	GlobalSection(ProjectConfigurationPlatforms) = postSolution
		{86103B1C-736D-447C-B107-58586B72F42B}.Debug|Any CPU.ActiveCfg = Debug|Any CPU
		{86103B1C-736D-447C-B107-58586B72F42B}.Debug|Any CPU.Build.0 = Debug|Any CPU
		{86103B1C-736D-447C-B107-58586B72F42B}.Release|Any CPU.ActiveCfg = Release|Any CPU
		{86103B1C-736D-447C-B107-58586B72F42B}.Release|Any CPU.Build.0 = Release|Any CPU
	EndGlobalSection
	GlobalSection(SolutionProperties) = preSolution
		HideSolutionNode = FALSE
	EndGlobalSection
	GlobalSection(ExtensibilityGlobals) = postSolution
		SolutionGuid = {F2F37802-62CC-44AE-8C68-C64C1AF6643A}
	EndGlobalSection
EndGlobal
